PODS:
  - AFNetworking/NSURLSession (3.2.1):
    - AFNetworking/Reachability
    - AFNetworking/Security
    - AFNetworking/Serialization
  - AFNetworking/Reachability (3.2.1)
  - AFNetworking/Security (3.2.1)
  - AFNetworking/Serialization (3.2.1)

DEPENDENCIES:
  - AFNetworking/NSURLSession (~> 3.2.1)
  - AFNetworking/Reachability (~> 3.2.1)
  - AFNetworking/Security (~> 3.2.1)
  - AFNetworking/Serialization (~> 3.2.1)

SPEC REPOS:
  trunk:
    - AFNetworking

SPEC CHECKSUMS:
  AFNetworking: b6f891fdfaed196b46c7a83cf209e09697b94057

PODFILE CHECKSUM: 6cf73bfebad4fff4994af6649ad5e1d8b7a18221

COCOAPODS: 1.9.3
