// !$*UTF8*$!
{
	archiveVersion = 1;
	classes = {
	};
	objectVersion = 50;
	objects = {

/* Begin PBXBuildFile section */
		A0C41C40216CDE602825101F /* libPods-PodoonDfuTool.a in Frameworks */ = {isa = PBXBuildFile; fileRef = 0DC3ADF8D02CA95B880DB266 /* libPods-PodoonDfuTool.a */; };
		A613311622BA19FF00E5F77C /* RMHTTPSessionManager.m in Sources */ = {isa = PBXBuildFile; fileRef = A613311522BA19FF00E5F77C /* RMHTTPSessionManager.m */; };
		A6AFDEDE21DC48AE00F313D2 /* AppDelegate.m in Sources */ = {isa = PBXBuildFile; fileRef = A6AFDEDD21DC48AE00F313D2 /* AppDelegate.m */; };
		A6AFDEE121DC48AE00F313D2 /* ViewController.m in Sources */ = {isa = PBXBuildFile; fileRef = A6AFDEE021DC48AE00F313D2 /* ViewController.m */; };
		A6AFDEE421DC48AE00F313D2 /* Main.storyboard in Resources */ = {isa = PBXBuildFile; fileRef = A6AFDEE221DC48AE00F313D2 /* Main.storyboard */; };
		A6AFDEE621DC48B200F313D2 /* Assets.xcassets in Resources */ = {isa = PBXBuildFile; fileRef = A6AFDEE521DC48B200F313D2 /* Assets.xcassets */; };
		A6AFDEE921DC48B200F313D2 /* LaunchScreen.storyboard in Resources */ = {isa = PBXBuildFile; fileRef = A6AFDEE721DC48B200F313D2 /* LaunchScreen.storyboard */; };
		A6AFDEEC21DC48B200F313D2 /* main.m in Sources */ = {isa = PBXBuildFile; fileRef = A6AFDEEB21DC48B200F313D2 /* main.m */; };
		A6AFDEF521DC4A0700F313D2 /* BluetoothService.m in Sources */ = {isa = PBXBuildFile; fileRef = A6AFDEF421DC4A0700F313D2 /* BluetoothService.m */; };
		A6AFDF1521DC4D7F00F313D2 /* UnzipFirmware.m in Sources */ = {isa = PBXBuildFile; fileRef = A6AFDEF821DC4D7E00F313D2 /* UnzipFirmware.m */; };
		A6AFDF1621DC4D7F00F313D2 /* AccessFileSystem.m in Sources */ = {isa = PBXBuildFile; fileRef = A6AFDEFB21DC4D7E00F313D2 /* AccessFileSystem.m */; };
		A6AFDF1721DC4D7F00F313D2 /* Utility.m in Sources */ = {isa = PBXBuildFile; fileRef = A6AFDEFD21DC4D7E00F313D2 /* Utility.m */; };
		A6AFDF1821DC4D7F00F313D2 /* IntelHex2BinConverter.m in Sources */ = {isa = PBXBuildFile; fileRef = A6AFDF0021DC4D7E00F313D2 /* IntelHex2BinConverter.m */; };
		A6AFDF1921DC4D7F00F313D2 /* InitData.m in Sources */ = {isa = PBXBuildFile; fileRef = A6AFDF0321DC4D7E00F313D2 /* InitData.m */; };
		A6AFDF1A21DC4D7F00F313D2 /* JsonParser.m in Sources */ = {isa = PBXBuildFile; fileRef = A6AFDF0621DC4D7E00F313D2 /* JsonParser.m */; };
		A6AFDF1B21DC4D7F00F313D2 /* DFUOperations.m in Sources */ = {isa = PBXBuildFile; fileRef = A6AFDF0921DC4D7E00F313D2 /* DFUOperations.m */; };
		A6AFDF1C21DC4D7F00F313D2 /* FileOperations.m in Sources */ = {isa = PBXBuildFile; fileRef = A6AFDF0A21DC4D7E00F313D2 /* FileOperations.m */; };
		A6AFDF1D21DC4D7F00F313D2 /* DFUOperationsDetails.m in Sources */ = {isa = PBXBuildFile; fileRef = A6AFDF0B21DC4D7E00F313D2 /* DFUOperationsDetails.m */; };
		A6AFDF1E21DC4D7F00F313D2 /* BLEOperations.m in Sources */ = {isa = PBXBuildFile; fileRef = A6AFDF0C21DC4D7E00F313D2 /* BLEOperations.m */; };
		A6AFDF1F21DC4D7F00F313D2 /* DFUHelper.m in Sources */ = {isa = PBXBuildFile; fileRef = A6AFDF1221DC4D7E00F313D2 /* DFUHelper.m */; };
		A6AFDF2E21DC59FC00F313D2 /* unzip.c in Sources */ = {isa = PBXBuildFile; fileRef = A6AFDF2321DC59FC00F313D2 /* unzip.c */; };
		A6AFDF2F21DC59FC00F313D2 /* zip.c in Sources */ = {isa = PBXBuildFile; fileRef = A6AFDF2421DC59FC00F313D2 /* zip.c */; };
		A6AFDF3021DC59FC00F313D2 /* ioapi.c in Sources */ = {isa = PBXBuildFile; fileRef = A6AFDF2521DC59FC00F313D2 /* ioapi.c */; };
		A6AFDF3121DC59FC00F313D2 /* mztools.c in Sources */ = {isa = PBXBuildFile; fileRef = A6AFDF2621DC59FC00F313D2 /* mztools.c */; };
		A6AFDF3221DC59FC00F313D2 /* SSZipArchive.m in Sources */ = {isa = PBXBuildFile; fileRef = A6AFDF2D21DC59FC00F313D2 /* SSZipArchive.m */; };
		A6AFDF3721DC5A5500F313D2 /* SVProgressHUD.m in Sources */ = {isa = PBXBuildFile; fileRef = A6AFDF3521DC5A5500F313D2 /* SVProgressHUD.m */; settings = {COMPILER_FLAGS = "-fno-objc-arc"; }; };
		A6AFDF3821DC5A5500F313D2 /* SVProgressHUD.bundle in Resources */ = {isa = PBXBuildFile; fileRef = A6AFDF3621DC5A5500F313D2 /* SVProgressHUD.bundle */; };
		A6AFDF3A21DC5D7C00F313D2 /* s130_ota.zip in Resources */ = {isa = PBXBuildFile; fileRef = A6AFDF3921DC5D7C00F313D2 /* s130_ota.zip */; };
		A6AFDF3C21DC666200F313D2 /* s130_ota_zt.zip in Resources */ = {isa = PBXBuildFile; fileRef = A6AFDF3B21DC666100F313D2 /* s130_ota_zt.zip */; };
/* End PBXBuildFile section */

/* Begin PBXFileReference section */
		0DC3ADF8D02CA95B880DB266 /* libPods-PodoonDfuTool.a */ = {isa = PBXFileReference; explicitFileType = archive.ar; includeInIndex = 0; path = "libPods-PodoonDfuTool.a"; sourceTree = BUILT_PRODUCTS_DIR; };
		8212F02F9C820783A6C24455 /* Pods-PodoonDfuTool.debug.xcconfig */ = {isa = PBXFileReference; includeInIndex = 1; lastKnownFileType = text.xcconfig; name = "Pods-PodoonDfuTool.debug.xcconfig"; path = "Target Support Files/Pods-PodoonDfuTool/Pods-PodoonDfuTool.debug.xcconfig"; sourceTree = "<group>"; };
		A613311422BA19FF00E5F77C /* RMHTTPSessionManager.h */ = {isa = PBXFileReference; lastKnownFileType = sourcecode.c.h; path = RMHTTPSessionManager.h; sourceTree = "<group>"; };
		A613311522BA19FF00E5F77C /* RMHTTPSessionManager.m */ = {isa = PBXFileReference; lastKnownFileType = sourcecode.c.objc; path = RMHTTPSessionManager.m; sourceTree = "<group>"; };
		A6AFDED921DC48AE00F313D2 /* PodoonDfuTool.app */ = {isa = PBXFileReference; explicitFileType = wrapper.application; includeInIndex = 0; path = PodoonDfuTool.app; sourceTree = BUILT_PRODUCTS_DIR; };
		A6AFDEDC21DC48AE00F313D2 /* AppDelegate.h */ = {isa = PBXFileReference; lastKnownFileType = sourcecode.c.h; path = AppDelegate.h; sourceTree = "<group>"; };
		A6AFDEDD21DC48AE00F313D2 /* AppDelegate.m */ = {isa = PBXFileReference; lastKnownFileType = sourcecode.c.objc; path = AppDelegate.m; sourceTree = "<group>"; };
		A6AFDEDF21DC48AE00F313D2 /* ViewController.h */ = {isa = PBXFileReference; lastKnownFileType = sourcecode.c.h; path = ViewController.h; sourceTree = "<group>"; };
		A6AFDEE021DC48AE00F313D2 /* ViewController.m */ = {isa = PBXFileReference; lastKnownFileType = sourcecode.c.objc; path = ViewController.m; sourceTree = "<group>"; };
		A6AFDEE321DC48AE00F313D2 /* Base */ = {isa = PBXFileReference; lastKnownFileType = file.storyboard; name = Base; path = Base.lproj/Main.storyboard; sourceTree = "<group>"; };
		A6AFDEE521DC48B200F313D2 /* Assets.xcassets */ = {isa = PBXFileReference; lastKnownFileType = folder.assetcatalog; path = Assets.xcassets; sourceTree = "<group>"; };
		A6AFDEE821DC48B200F313D2 /* Base */ = {isa = PBXFileReference; lastKnownFileType = file.storyboard; name = Base; path = Base.lproj/LaunchScreen.storyboard; sourceTree = "<group>"; };
		A6AFDEEA21DC48B200F313D2 /* Info.plist */ = {isa = PBXFileReference; lastKnownFileType = text.plist.xml; path = Info.plist; sourceTree = "<group>"; };
		A6AFDEEB21DC48B200F313D2 /* main.m */ = {isa = PBXFileReference; lastKnownFileType = sourcecode.c.objc; path = main.m; sourceTree = "<group>"; };
		A6AFDEF321DC4A0700F313D2 /* BluetoothService.h */ = {isa = PBXFileReference; lastKnownFileType = sourcecode.c.h; path = BluetoothService.h; sourceTree = "<group>"; };
		A6AFDEF421DC4A0700F313D2 /* BluetoothService.m */ = {isa = PBXFileReference; lastKnownFileType = sourcecode.c.objc; path = BluetoothService.m; sourceTree = "<group>"; };
		A6AFDEF821DC4D7E00F313D2 /* UnzipFirmware.m */ = {isa = PBXFileReference; fileEncoding = 4; lastKnownFileType = sourcecode.c.objc; path = UnzipFirmware.m; sourceTree = "<group>"; };
		A6AFDEF921DC4D7E00F313D2 /* AccessFileSystem.h */ = {isa = PBXFileReference; fileEncoding = 4; lastKnownFileType = sourcecode.c.h; path = AccessFileSystem.h; sourceTree = "<group>"; };
		A6AFDEFA21DC4D7E00F313D2 /* UnzipFirmware.h */ = {isa = PBXFileReference; fileEncoding = 4; lastKnownFileType = sourcecode.c.h; path = UnzipFirmware.h; sourceTree = "<group>"; };
		A6AFDEFB21DC4D7E00F313D2 /* AccessFileSystem.m */ = {isa = PBXFileReference; fileEncoding = 4; lastKnownFileType = sourcecode.c.objc; path = AccessFileSystem.m; sourceTree = "<group>"; };
		A6AFDEFD21DC4D7E00F313D2 /* Utility.m */ = {isa = PBXFileReference; fileEncoding = 4; lastKnownFileType = sourcecode.c.objc; path = Utility.m; sourceTree = "<group>"; };
		A6AFDEFE21DC4D7E00F313D2 /* Utility.h */ = {isa = PBXFileReference; fileEncoding = 4; lastKnownFileType = sourcecode.c.h; path = Utility.h; sourceTree = "<group>"; };
		A6AFDF0021DC4D7E00F313D2 /* IntelHex2BinConverter.m */ = {isa = PBXFileReference; fileEncoding = 4; lastKnownFileType = sourcecode.c.objc; path = IntelHex2BinConverter.m; sourceTree = "<group>"; };
		A6AFDF0121DC4D7E00F313D2 /* IntelHex2BinConverter.h */ = {isa = PBXFileReference; fileEncoding = 4; lastKnownFileType = sourcecode.c.h; path = IntelHex2BinConverter.h; sourceTree = "<group>"; };
		A6AFDF0321DC4D7E00F313D2 /* InitData.m */ = {isa = PBXFileReference; fileEncoding = 4; lastKnownFileType = sourcecode.c.objc; path = InitData.m; sourceTree = "<group>"; };
		A6AFDF0421DC4D7E00F313D2 /* JsonParser.h */ = {isa = PBXFileReference; fileEncoding = 4; lastKnownFileType = sourcecode.c.h; path = JsonParser.h; sourceTree = "<group>"; };
		A6AFDF0521DC4D7E00F313D2 /* InitData.h */ = {isa = PBXFileReference; fileEncoding = 4; lastKnownFileType = sourcecode.c.h; path = InitData.h; sourceTree = "<group>"; };
		A6AFDF0621DC4D7E00F313D2 /* JsonParser.m */ = {isa = PBXFileReference; fileEncoding = 4; lastKnownFileType = sourcecode.c.objc; path = JsonParser.m; sourceTree = "<group>"; };
		A6AFDF0821DC4D7E00F313D2 /* BLEOperations.h */ = {isa = PBXFileReference; fileEncoding = 4; lastKnownFileType = sourcecode.c.h; path = BLEOperations.h; sourceTree = "<group>"; };
		A6AFDF0921DC4D7E00F313D2 /* DFUOperations.m */ = {isa = PBXFileReference; fileEncoding = 4; lastKnownFileType = sourcecode.c.objc; path = DFUOperations.m; sourceTree = "<group>"; };
		A6AFDF0A21DC4D7E00F313D2 /* FileOperations.m */ = {isa = PBXFileReference; fileEncoding = 4; lastKnownFileType = sourcecode.c.objc; path = FileOperations.m; sourceTree = "<group>"; };
		A6AFDF0B21DC4D7E00F313D2 /* DFUOperationsDetails.m */ = {isa = PBXFileReference; fileEncoding = 4; lastKnownFileType = sourcecode.c.objc; path = DFUOperationsDetails.m; sourceTree = "<group>"; };
		A6AFDF0C21DC4D7E00F313D2 /* BLEOperations.m */ = {isa = PBXFileReference; fileEncoding = 4; lastKnownFileType = sourcecode.c.objc; path = BLEOperations.m; sourceTree = "<group>"; };
		A6AFDF0D21DC4D7E00F313D2 /* FileOperations.h */ = {isa = PBXFileReference; fileEncoding = 4; lastKnownFileType = sourcecode.c.h; path = FileOperations.h; sourceTree = "<group>"; };
		A6AFDF0E21DC4D7E00F313D2 /* DFUOperations.h */ = {isa = PBXFileReference; fileEncoding = 4; lastKnownFileType = sourcecode.c.h; path = DFUOperations.h; sourceTree = "<group>"; };
		A6AFDF0F21DC4D7E00F313D2 /* DFUOperationsDetails.h */ = {isa = PBXFileReference; fileEncoding = 4; lastKnownFileType = sourcecode.c.h; path = DFUOperationsDetails.h; sourceTree = "<group>"; };
		A6AFDF1121DC4D7E00F313D2 /* DFUHelper.h */ = {isa = PBXFileReference; fileEncoding = 4; lastKnownFileType = sourcecode.c.h; path = DFUHelper.h; sourceTree = "<group>"; };
		A6AFDF1221DC4D7E00F313D2 /* DFUHelper.m */ = {isa = PBXFileReference; fileEncoding = 4; lastKnownFileType = sourcecode.c.objc; path = DFUHelper.m; sourceTree = "<group>"; };
		A6AFDF2321DC59FC00F313D2 /* unzip.c */ = {isa = PBXFileReference; fileEncoding = 4; lastKnownFileType = sourcecode.c.c; path = unzip.c; sourceTree = "<group>"; };
		A6AFDF2421DC59FC00F313D2 /* zip.c */ = {isa = PBXFileReference; fileEncoding = 4; lastKnownFileType = sourcecode.c.c; path = zip.c; sourceTree = "<group>"; };
		A6AFDF2521DC59FC00F313D2 /* ioapi.c */ = {isa = PBXFileReference; fileEncoding = 4; lastKnownFileType = sourcecode.c.c; path = ioapi.c; sourceTree = "<group>"; };
		A6AFDF2621DC59FC00F313D2 /* mztools.c */ = {isa = PBXFileReference; fileEncoding = 4; lastKnownFileType = sourcecode.c.c; path = mztools.c; sourceTree = "<group>"; };
		A6AFDF2721DC59FC00F313D2 /* crypt.h */ = {isa = PBXFileReference; fileEncoding = 4; lastKnownFileType = sourcecode.c.h; path = crypt.h; sourceTree = "<group>"; };
		A6AFDF2821DC59FC00F313D2 /* zip.h */ = {isa = PBXFileReference; fileEncoding = 4; lastKnownFileType = sourcecode.c.h; path = zip.h; sourceTree = "<group>"; };
		A6AFDF2921DC59FC00F313D2 /* unzip.h */ = {isa = PBXFileReference; fileEncoding = 4; lastKnownFileType = sourcecode.c.h; path = unzip.h; sourceTree = "<group>"; };
		A6AFDF2A21DC59FC00F313D2 /* mztools.h */ = {isa = PBXFileReference; fileEncoding = 4; lastKnownFileType = sourcecode.c.h; path = mztools.h; sourceTree = "<group>"; };
		A6AFDF2B21DC59FC00F313D2 /* ioapi.h */ = {isa = PBXFileReference; fileEncoding = 4; lastKnownFileType = sourcecode.c.h; path = ioapi.h; sourceTree = "<group>"; };
		A6AFDF2C21DC59FC00F313D2 /* SSZipArchive.h */ = {isa = PBXFileReference; fileEncoding = 4; lastKnownFileType = sourcecode.c.h; path = SSZipArchive.h; sourceTree = "<group>"; };
		A6AFDF2D21DC59FC00F313D2 /* SSZipArchive.m */ = {isa = PBXFileReference; fileEncoding = 4; lastKnownFileType = sourcecode.c.objc; path = SSZipArchive.m; sourceTree = "<group>"; };
		A6AFDF3421DC5A5500F313D2 /* SVProgressHUD.h */ = {isa = PBXFileReference; fileEncoding = 4; lastKnownFileType = sourcecode.c.h; path = SVProgressHUD.h; sourceTree = "<group>"; };
		A6AFDF3521DC5A5500F313D2 /* SVProgressHUD.m */ = {isa = PBXFileReference; fileEncoding = 4; lastKnownFileType = sourcecode.c.objc; path = SVProgressHUD.m; sourceTree = "<group>"; };
		A6AFDF3621DC5A5500F313D2 /* SVProgressHUD.bundle */ = {isa = PBXFileReference; lastKnownFileType = "wrapper.plug-in"; path = SVProgressHUD.bundle; sourceTree = "<group>"; };
		A6AFDF3921DC5D7C00F313D2 /* s130_ota.zip */ = {isa = PBXFileReference; lastKnownFileType = archive.zip; path = s130_ota.zip; sourceTree = "<group>"; };
		A6AFDF3B21DC666100F313D2 /* s130_ota_zt.zip */ = {isa = PBXFileReference; lastKnownFileType = archive.zip; path = s130_ota_zt.zip; sourceTree = "<group>"; };
		D655C77DD41DD495EF0AE946 /* Pods-PodoonDfuTool.release.xcconfig */ = {isa = PBXFileReference; includeInIndex = 1; lastKnownFileType = text.xcconfig; name = "Pods-PodoonDfuTool.release.xcconfig"; path = "Target Support Files/Pods-PodoonDfuTool/Pods-PodoonDfuTool.release.xcconfig"; sourceTree = "<group>"; };
/* End PBXFileReference section */

/* Begin PBXFrameworksBuildPhase section */
		A6AFDED621DC48AE00F313D2 /* Frameworks */ = {
			isa = PBXFrameworksBuildPhase;
			buildActionMask = 2147483647;
			files = (
				A0C41C40216CDE602825101F /* libPods-PodoonDfuTool.a in Frameworks */,
			);
			runOnlyForDeploymentPostprocessing = 0;
		};
/* End PBXFrameworksBuildPhase section */

/* Begin PBXGroup section */
		62FBA7DA6FD943924BA0FD38 /* Pods */ = {
			isa = PBXGroup;
			children = (
				8212F02F9C820783A6C24455 /* Pods-PodoonDfuTool.debug.xcconfig */,
				D655C77DD41DD495EF0AE946 /* Pods-PodoonDfuTool.release.xcconfig */,
			);
			path = Pods;
			sourceTree = "<group>";
		};
		86BF5B6E794C0CB5C695FC27 /* Frameworks */ = {
			isa = PBXGroup;
			children = (
				0DC3ADF8D02CA95B880DB266 /* libPods-PodoonDfuTool.a */,
			);
			name = Frameworks;
			sourceTree = "<group>";
		};
		A6AFDED021DC48AE00F313D2 = {
			isa = PBXGroup;
			children = (
				A6AFDEDB21DC48AE00F313D2 /* PodoonDfuTool */,
				A6AFDEDA21DC48AE00F313D2 /* Products */,
				62FBA7DA6FD943924BA0FD38 /* Pods */,
				86BF5B6E794C0CB5C695FC27 /* Frameworks */,
			);
			sourceTree = "<group>";
		};
		A6AFDEDA21DC48AE00F313D2 /* Products */ = {
			isa = PBXGroup;
			children = (
				A6AFDED921DC48AE00F313D2 /* PodoonDfuTool.app */,
			);
			name = Products;
			sourceTree = "<group>";
		};
		A6AFDEDB21DC48AE00F313D2 /* PodoonDfuTool */ = {
			isa = PBXGroup;
			children = (
				A6AFDF3321DC5A5500F313D2 /* SVProgressHUD */,
				A6AFDF2121DC59FC00F313D2 /* SSZipArchive */,
				A6AFDEF621DC4D7E00F313D2 /* DFU */,
				A6AFDEF221DC49F300F313D2 /* service */,
				A6AFDEDC21DC48AE00F313D2 /* AppDelegate.h */,
				A6AFDEDD21DC48AE00F313D2 /* AppDelegate.m */,
				A6AFDEDF21DC48AE00F313D2 /* ViewController.h */,
				A6AFDEE021DC48AE00F313D2 /* ViewController.m */,
				A6AFDEE221DC48AE00F313D2 /* Main.storyboard */,
				A6AFDEE521DC48B200F313D2 /* Assets.xcassets */,
				A6AFDEE721DC48B200F313D2 /* LaunchScreen.storyboard */,
				A6AFDEEA21DC48B200F313D2 /* Info.plist */,
				A6AFDEEB21DC48B200F313D2 /* main.m */,
			);
			path = PodoonDfuTool;
			sourceTree = "<group>";
		};
		A6AFDEF221DC49F300F313D2 /* service */ = {
			isa = PBXGroup;
			children = (
				A6AFDEF321DC4A0700F313D2 /* BluetoothService.h */,
				A6AFDEF421DC4A0700F313D2 /* BluetoothService.m */,
				A613311422BA19FF00E5F77C /* RMHTTPSessionManager.h */,
				A613311522BA19FF00E5F77C /* RMHTTPSessionManager.m */,
			);
			path = service;
			sourceTree = "<group>";
		};
		A6AFDEF621DC4D7E00F313D2 /* DFU */ = {
			isa = PBXGroup;
			children = (
				A6AFDEF721DC4D7E00F313D2 /* Unzip */,
				A6AFDEFC21DC4D7E00F313D2 /* Constants */,
				A6AFDEFF21DC4D7E00F313D2 /* HexToBinConverter */,
				A6AFDF0221DC4D7E00F313D2 /* JSONParser */,
				A6AFDF0721DC4D7E00F313D2 /* DFUImplementation */,
				A6AFDF1021DC4D7E00F313D2 /* DFUViewController */,
				A6AFDF1321DC4D7E00F313D2 /* firmwares */,
			);
			path = DFU;
			sourceTree = "<group>";
		};
		A6AFDEF721DC4D7E00F313D2 /* Unzip */ = {
			isa = PBXGroup;
			children = (
				A6AFDEF821DC4D7E00F313D2 /* UnzipFirmware.m */,
				A6AFDEF921DC4D7E00F313D2 /* AccessFileSystem.h */,
				A6AFDEFA21DC4D7E00F313D2 /* UnzipFirmware.h */,
				A6AFDEFB21DC4D7E00F313D2 /* AccessFileSystem.m */,
			);
			path = Unzip;
			sourceTree = "<group>";
		};
		A6AFDEFC21DC4D7E00F313D2 /* Constants */ = {
			isa = PBXGroup;
			children = (
				A6AFDEFD21DC4D7E00F313D2 /* Utility.m */,
				A6AFDEFE21DC4D7E00F313D2 /* Utility.h */,
			);
			path = Constants;
			sourceTree = "<group>";
		};
		A6AFDEFF21DC4D7E00F313D2 /* HexToBinConverter */ = {
			isa = PBXGroup;
			children = (
				A6AFDF0021DC4D7E00F313D2 /* IntelHex2BinConverter.m */,
				A6AFDF0121DC4D7E00F313D2 /* IntelHex2BinConverter.h */,
			);
			path = HexToBinConverter;
			sourceTree = "<group>";
		};
		A6AFDF0221DC4D7E00F313D2 /* JSONParser */ = {
			isa = PBXGroup;
			children = (
				A6AFDF0321DC4D7E00F313D2 /* InitData.m */,
				A6AFDF0421DC4D7E00F313D2 /* JsonParser.h */,
				A6AFDF0521DC4D7E00F313D2 /* InitData.h */,
				A6AFDF0621DC4D7E00F313D2 /* JsonParser.m */,
			);
			path = JSONParser;
			sourceTree = "<group>";
		};
		A6AFDF0721DC4D7E00F313D2 /* DFUImplementation */ = {
			isa = PBXGroup;
			children = (
				A6AFDF0821DC4D7E00F313D2 /* BLEOperations.h */,
				A6AFDF0921DC4D7E00F313D2 /* DFUOperations.m */,
				A6AFDF0A21DC4D7E00F313D2 /* FileOperations.m */,
				A6AFDF0B21DC4D7E00F313D2 /* DFUOperationsDetails.m */,
				A6AFDF0C21DC4D7E00F313D2 /* BLEOperations.m */,
				A6AFDF0D21DC4D7E00F313D2 /* FileOperations.h */,
				A6AFDF0E21DC4D7E00F313D2 /* DFUOperations.h */,
				A6AFDF0F21DC4D7E00F313D2 /* DFUOperationsDetails.h */,
			);
			path = DFUImplementation;
			sourceTree = "<group>";
		};
		A6AFDF1021DC4D7E00F313D2 /* DFUViewController */ = {
			isa = PBXGroup;
			children = (
				A6AFDF1121DC4D7E00F313D2 /* DFUHelper.h */,
				A6AFDF1221DC4D7E00F313D2 /* DFUHelper.m */,
			);
			path = DFUViewController;
			sourceTree = "<group>";
		};
		A6AFDF1321DC4D7E00F313D2 /* firmwares */ = {
			isa = PBXGroup;
			children = (
				A6AFDF3B21DC666100F313D2 /* s130_ota_zt.zip */,
				A6AFDF3921DC5D7C00F313D2 /* s130_ota.zip */,
			);
			path = firmwares;
			sourceTree = "<group>";
		};
		A6AFDF2121DC59FC00F313D2 /* SSZipArchive */ = {
			isa = PBXGroup;
			children = (
				A6AFDF2221DC59FC00F313D2 /* minizip */,
				A6AFDF2C21DC59FC00F313D2 /* SSZipArchive.h */,
				A6AFDF2D21DC59FC00F313D2 /* SSZipArchive.m */,
			);
			path = SSZipArchive;
			sourceTree = "<group>";
		};
		A6AFDF2221DC59FC00F313D2 /* minizip */ = {
			isa = PBXGroup;
			children = (
				A6AFDF2321DC59FC00F313D2 /* unzip.c */,
				A6AFDF2421DC59FC00F313D2 /* zip.c */,
				A6AFDF2521DC59FC00F313D2 /* ioapi.c */,
				A6AFDF2621DC59FC00F313D2 /* mztools.c */,
				A6AFDF2721DC59FC00F313D2 /* crypt.h */,
				A6AFDF2821DC59FC00F313D2 /* zip.h */,
				A6AFDF2921DC59FC00F313D2 /* unzip.h */,
				A6AFDF2A21DC59FC00F313D2 /* mztools.h */,
				A6AFDF2B21DC59FC00F313D2 /* ioapi.h */,
			);
			path = minizip;
			sourceTree = "<group>";
		};
		A6AFDF3321DC5A5500F313D2 /* SVProgressHUD */ = {
			isa = PBXGroup;
			children = (
				A6AFDF3421DC5A5500F313D2 /* SVProgressHUD.h */,
				A6AFDF3521DC5A5500F313D2 /* SVProgressHUD.m */,
				A6AFDF3621DC5A5500F313D2 /* SVProgressHUD.bundle */,
			);
			path = SVProgressHUD;
			sourceTree = "<group>";
		};
/* End PBXGroup section */

/* Begin PBXNativeTarget section */
		A6AFDED821DC48AE00F313D2 /* PodoonDfuTool */ = {
			isa = PBXNativeTarget;
			buildConfigurationList = A6AFDEEF21DC48B200F313D2 /* Build configuration list for PBXNativeTarget "PodoonDfuTool" */;
			buildPhases = (
				3577DF041F2FFA4A5E5A643C /* [CP] Check Pods Manifest.lock */,
				A6AFDED521DC48AE00F313D2 /* Sources */,
				A6AFDED621DC48AE00F313D2 /* Frameworks */,
				A6AFDED721DC48AE00F313D2 /* Resources */,
			);
			buildRules = (
			);
			dependencies = (
			);
			name = PodoonDfuTool;
			productName = PodoonDfuTool;
			productReference = A6AFDED921DC48AE00F313D2 /* PodoonDfuTool.app */;
			productType = "com.apple.product-type.application";
		};
/* End PBXNativeTarget section */

/* Begin PBXProject section */
		A6AFDED121DC48AE00F313D2 /* Project object */ = {
			isa = PBXProject;
			attributes = {
				LastUpgradeCheck = 1010;
				ORGANIZATIONNAME = podoon;
				TargetAttributes = {
					A6AFDED821DC48AE00F313D2 = {
						CreatedOnToolsVersion = 10.1;
					};
				};
			};
			buildConfigurationList = A6AFDED421DC48AE00F313D2 /* Build configuration list for PBXProject "PodoonDfuTool" */;
			compatibilityVersion = "Xcode 9.3";
			developmentRegion = en;
			hasScannedForEncodings = 0;
			knownRegions = (
				en,
				Base,
			);
			mainGroup = A6AFDED021DC48AE00F313D2;
			productRefGroup = A6AFDEDA21DC48AE00F313D2 /* Products */;
			projectDirPath = "";
			projectRoot = "";
			targets = (
				A6AFDED821DC48AE00F313D2 /* PodoonDfuTool */,
			);
		};
/* End PBXProject section */

/* Begin PBXResourcesBuildPhase section */
		A6AFDED721DC48AE00F313D2 /* Resources */ = {
			isa = PBXResourcesBuildPhase;
			buildActionMask = 2147483647;
			files = (
				A6AFDF3821DC5A5500F313D2 /* SVProgressHUD.bundle in Resources */,
				A6AFDEE921DC48B200F313D2 /* LaunchScreen.storyboard in Resources */,
				A6AFDF3A21DC5D7C00F313D2 /* s130_ota.zip in Resources */,
				A6AFDF3C21DC666200F313D2 /* s130_ota_zt.zip in Resources */,
				A6AFDEE621DC48B200F313D2 /* Assets.xcassets in Resources */,
				A6AFDEE421DC48AE00F313D2 /* Main.storyboard in Resources */,
			);
			runOnlyForDeploymentPostprocessing = 0;
		};
/* End PBXResourcesBuildPhase section */

/* Begin PBXShellScriptBuildPhase section */
		3577DF041F2FFA4A5E5A643C /* [CP] Check Pods Manifest.lock */ = {
			isa = PBXShellScriptBuildPhase;
			buildActionMask = 2147483647;
			files = (
			);
			inputFileListPaths = (
			);
			inputPaths = (
				"${PODS_PODFILE_DIR_PATH}/Podfile.lock",
				"${PODS_ROOT}/Manifest.lock",
			);
			name = "[CP] Check Pods Manifest.lock";
			outputFileListPaths = (
			);
			outputPaths = (
				"$(DERIVED_FILE_DIR)/Pods-PodoonDfuTool-checkManifestLockResult.txt",
			);
			runOnlyForDeploymentPostprocessing = 0;
			shellPath = /bin/sh;
			shellScript = "diff \"${PODS_PODFILE_DIR_PATH}/Podfile.lock\" \"${PODS_ROOT}/Manifest.lock\" > /dev/null\nif [ $? != 0 ] ; then\n    # print error to STDERR\n    echo \"error: The sandbox is not in sync with the Podfile.lock. Run 'pod install' or update your CocoaPods installation.\" >&2\n    exit 1\nfi\n# This output is used by Xcode 'outputs' to avoid re-running this script phase.\necho \"SUCCESS\" > \"${SCRIPT_OUTPUT_FILE_0}\"\n";
			showEnvVarsInLog = 0;
		};
/* End PBXShellScriptBuildPhase section */

/* Begin PBXSourcesBuildPhase section */
		A6AFDED521DC48AE00F313D2 /* Sources */ = {
			isa = PBXSourcesBuildPhase;
			buildActionMask = 2147483647;
			files = (
				A6AFDF1621DC4D7F00F313D2 /* AccessFileSystem.m in Sources */,
				A613311622BA19FF00E5F77C /* RMHTTPSessionManager.m in Sources */,
				A6AFDF1B21DC4D7F00F313D2 /* DFUOperations.m in Sources */,
				A6AFDEF521DC4A0700F313D2 /* BluetoothService.m in Sources */,
				A6AFDF3121DC59FC00F313D2 /* mztools.c in Sources */,
				A6AFDF1A21DC4D7F00F313D2 /* JsonParser.m in Sources */,
				A6AFDF1921DC4D7F00F313D2 /* InitData.m in Sources */,
				A6AFDEE121DC48AE00F313D2 /* ViewController.m in Sources */,
				A6AFDF3021DC59FC00F313D2 /* ioapi.c in Sources */,
				A6AFDF2F21DC59FC00F313D2 /* zip.c in Sources */,
				A6AFDEEC21DC48B200F313D2 /* main.m in Sources */,
				A6AFDF1C21DC4D7F00F313D2 /* FileOperations.m in Sources */,
				A6AFDF1D21DC4D7F00F313D2 /* DFUOperationsDetails.m in Sources */,
				A6AFDF1E21DC4D7F00F313D2 /* BLEOperations.m in Sources */,
				A6AFDF1F21DC4D7F00F313D2 /* DFUHelper.m in Sources */,
				A6AFDF1721DC4D7F00F313D2 /* Utility.m in Sources */,
				A6AFDEDE21DC48AE00F313D2 /* AppDelegate.m in Sources */,
				A6AFDF3221DC59FC00F313D2 /* SSZipArchive.m in Sources */,
				A6AFDF3721DC5A5500F313D2 /* SVProgressHUD.m in Sources */,
				A6AFDF1821DC4D7F00F313D2 /* IntelHex2BinConverter.m in Sources */,
				A6AFDF2E21DC59FC00F313D2 /* unzip.c in Sources */,
				A6AFDF1521DC4D7F00F313D2 /* UnzipFirmware.m in Sources */,
			);
			runOnlyForDeploymentPostprocessing = 0;
		};
/* End PBXSourcesBuildPhase section */

/* Begin PBXVariantGroup section */
		A6AFDEE221DC48AE00F313D2 /* Main.storyboard */ = {
			isa = PBXVariantGroup;
			children = (
				A6AFDEE321DC48AE00F313D2 /* Base */,
			);
			name = Main.storyboard;
			sourceTree = "<group>";
		};
		A6AFDEE721DC48B200F313D2 /* LaunchScreen.storyboard */ = {
			isa = PBXVariantGroup;
			children = (
				A6AFDEE821DC48B200F313D2 /* Base */,
			);
			name = LaunchScreen.storyboard;
			sourceTree = "<group>";
		};
/* End PBXVariantGroup section */

/* Begin XCBuildConfiguration section */
		A6AFDEED21DC48B200F313D2 /* Debug */ = {
			isa = XCBuildConfiguration;
			buildSettings = {
				ALWAYS_SEARCH_USER_PATHS = NO;
				CLANG_ANALYZER_NONNULL = YES;
				CLANG_ANALYZER_NUMBER_OBJECT_CONVERSION = YES_AGGRESSIVE;
				CLANG_CXX_LANGUAGE_STANDARD = "gnu++14";
				CLANG_CXX_LIBRARY = "libc++";
				CLANG_ENABLE_MODULES = YES;
				CLANG_ENABLE_OBJC_ARC = YES;
				CLANG_ENABLE_OBJC_WEAK = YES;
				CLANG_WARN_BLOCK_CAPTURE_AUTORELEASING = YES;
				CLANG_WARN_BOOL_CONVERSION = YES;
				CLANG_WARN_COMMA = YES;
				CLANG_WARN_CONSTANT_CONVERSION = YES;
				CLANG_WARN_DEPRECATED_OBJC_IMPLEMENTATIONS = YES;
				CLANG_WARN_DIRECT_OBJC_ISA_USAGE = YES_ERROR;
				CLANG_WARN_DOCUMENTATION_COMMENTS = YES;
				CLANG_WARN_EMPTY_BODY = YES;
				CLANG_WARN_ENUM_CONVERSION = YES;
				CLANG_WARN_INFINITE_RECURSION = YES;
				CLANG_WARN_INT_CONVERSION = YES;
				CLANG_WARN_NON_LITERAL_NULL_CONVERSION = YES;
				CLANG_WARN_OBJC_IMPLICIT_RETAIN_SELF = YES;
				CLANG_WARN_OBJC_LITERAL_CONVERSION = YES;
				CLANG_WARN_OBJC_ROOT_CLASS = YES_ERROR;
				CLANG_WARN_RANGE_LOOP_ANALYSIS = YES;
				CLANG_WARN_STRICT_PROTOTYPES = YES;
				CLANG_WARN_SUSPICIOUS_MOVE = YES;
				CLANG_WARN_UNGUARDED_AVAILABILITY = YES_AGGRESSIVE;
				CLANG_WARN_UNREACHABLE_CODE = YES;
				CLANG_WARN__DUPLICATE_METHOD_MATCH = YES;
				CODE_SIGN_IDENTITY = "iPhone Developer";
				COPY_PHASE_STRIP = NO;
				DEBUG_INFORMATION_FORMAT = dwarf;
				ENABLE_STRICT_OBJC_MSGSEND = YES;
				ENABLE_TESTABILITY = YES;
				GCC_C_LANGUAGE_STANDARD = gnu11;
				GCC_DYNAMIC_NO_PIC = NO;
				GCC_NO_COMMON_BLOCKS = YES;
				GCC_OPTIMIZATION_LEVEL = 0;
				GCC_PREPROCESSOR_DEFINITIONS = (
					"DEBUG=1",
					"$(inherited)",
				);
				GCC_WARN_64_TO_32_BIT_CONVERSION = YES;
				GCC_WARN_ABOUT_RETURN_TYPE = YES_ERROR;
				GCC_WARN_UNDECLARED_SELECTOR = YES;
				GCC_WARN_UNINITIALIZED_AUTOS = YES_AGGRESSIVE;
				GCC_WARN_UNUSED_FUNCTION = YES;
				GCC_WARN_UNUSED_VARIABLE = YES;
				IPHONEOS_DEPLOYMENT_TARGET = 12.1;
				MTL_ENABLE_DEBUG_INFO = INCLUDE_SOURCE;
				MTL_FAST_MATH = YES;
				ONLY_ACTIVE_ARCH = YES;
				SDKROOT = iphoneos;
			};
			name = Debug;
		};
		A6AFDEEE21DC48B200F313D2 /* Release */ = {
			isa = XCBuildConfiguration;
			buildSettings = {
				ALWAYS_SEARCH_USER_PATHS = NO;
				CLANG_ANALYZER_NONNULL = YES;
				CLANG_ANALYZER_NUMBER_OBJECT_CONVERSION = YES_AGGRESSIVE;
				CLANG_CXX_LANGUAGE_STANDARD = "gnu++14";
				CLANG_CXX_LIBRARY = "libc++";
				CLANG_ENABLE_MODULES = YES;
				CLANG_ENABLE_OBJC_ARC = YES;
				CLANG_ENABLE_OBJC_WEAK = YES;
				CLANG_WARN_BLOCK_CAPTURE_AUTORELEASING = YES;
				CLANG_WARN_BOOL_CONVERSION = YES;
				CLANG_WARN_COMMA = YES;
				CLANG_WARN_CONSTANT_CONVERSION = YES;
				CLANG_WARN_DEPRECATED_OBJC_IMPLEMENTATIONS = YES;
				CLANG_WARN_DIRECT_OBJC_ISA_USAGE = YES_ERROR;
				CLANG_WARN_DOCUMENTATION_COMMENTS = YES;
				CLANG_WARN_EMPTY_BODY = YES;
				CLANG_WARN_ENUM_CONVERSION = YES;
				CLANG_WARN_INFINITE_RECURSION = YES;
				CLANG_WARN_INT_CONVERSION = YES;
				CLANG_WARN_NON_LITERAL_NULL_CONVERSION = YES;
				CLANG_WARN_OBJC_IMPLICIT_RETAIN_SELF = YES;
				CLANG_WARN_OBJC_LITERAL_CONVERSION = YES;
				CLANG_WARN_OBJC_ROOT_CLASS = YES_ERROR;
				CLANG_WARN_RANGE_LOOP_ANALYSIS = YES;
				CLANG_WARN_STRICT_PROTOTYPES = YES;
				CLANG_WARN_SUSPICIOUS_MOVE = YES;
				CLANG_WARN_UNGUARDED_AVAILABILITY = YES_AGGRESSIVE;
				CLANG_WARN_UNREACHABLE_CODE = YES;
				CLANG_WARN__DUPLICATE_METHOD_MATCH = YES;
				CODE_SIGN_IDENTITY = "iPhone Developer";
				COPY_PHASE_STRIP = NO;
				DEBUG_INFORMATION_FORMAT = "dwarf-with-dsym";
				ENABLE_NS_ASSERTIONS = NO;
				ENABLE_STRICT_OBJC_MSGSEND = YES;
				GCC_C_LANGUAGE_STANDARD = gnu11;
				GCC_NO_COMMON_BLOCKS = YES;
				GCC_WARN_64_TO_32_BIT_CONVERSION = YES;
				GCC_WARN_ABOUT_RETURN_TYPE = YES_ERROR;
				GCC_WARN_UNDECLARED_SELECTOR = YES;
				GCC_WARN_UNINITIALIZED_AUTOS = YES_AGGRESSIVE;
				GCC_WARN_UNUSED_FUNCTION = YES;
				GCC_WARN_UNUSED_VARIABLE = YES;
				IPHONEOS_DEPLOYMENT_TARGET = 12.1;
				MTL_ENABLE_DEBUG_INFO = NO;
				MTL_FAST_MATH = YES;
				SDKROOT = iphoneos;
				VALIDATE_PRODUCT = YES;
			};
			name = Release;
		};
		A6AFDEF021DC48B200F313D2 /* Debug */ = {
			isa = XCBuildConfiguration;
			baseConfigurationReference = 8212F02F9C820783A6C24455 /* Pods-PodoonDfuTool.debug.xcconfig */;
			buildSettings = {
				ASSETCATALOG_COMPILER_APPICON_NAME = AppIcon;
				CODE_SIGN_STYLE = Automatic;
				CURRENT_PROJECT_VERSION = 13;
				DEVELOPMENT_TEAM = L6U7BB57HF;
				INFOPLIST_FILE = PodoonDfuTool/Info.plist;
				LD_RUNPATH_SEARCH_PATHS = (
					"$(inherited)",
					"@executable_path/Frameworks",
				);
				PRODUCT_BUNDLE_IDENTIFIER = com.podoon.PCBATest;
				PRODUCT_NAME = "$(TARGET_NAME)";
				TARGETED_DEVICE_FAMILY = "1,2";
			};
			name = Debug;
		};
		A6AFDEF121DC48B200F313D2 /* Release */ = {
			isa = XCBuildConfiguration;
			baseConfigurationReference = D655C77DD41DD495EF0AE946 /* Pods-PodoonDfuTool.release.xcconfig */;
			buildSettings = {
				ASSETCATALOG_COMPILER_APPICON_NAME = AppIcon;
				CODE_SIGN_STYLE = Automatic;
				CURRENT_PROJECT_VERSION = 13;
				DEVELOPMENT_TEAM = L6U7BB57HF;
				INFOPLIST_FILE = PodoonDfuTool/Info.plist;
				LD_RUNPATH_SEARCH_PATHS = (
					"$(inherited)",
					"@executable_path/Frameworks",
				);
				PRODUCT_BUNDLE_IDENTIFIER = com.podoon.PCBATest;
				PRODUCT_NAME = "$(TARGET_NAME)";
				TARGETED_DEVICE_FAMILY = "1,2";
			};
			name = Release;
		};
/* End XCBuildConfiguration section */

/* Begin XCConfigurationList section */
		A6AFDED421DC48AE00F313D2 /* Build configuration list for PBXProject "PodoonDfuTool" */ = {
			isa = XCConfigurationList;
			buildConfigurations = (
				A6AFDEED21DC48B200F313D2 /* Debug */,
				A6AFDEEE21DC48B200F313D2 /* Release */,
			);
			defaultConfigurationIsVisible = 0;
			defaultConfigurationName = Release;
		};
		A6AFDEEF21DC48B200F313D2 /* Build configuration list for PBXNativeTarget "PodoonDfuTool" */ = {
			isa = XCConfigurationList;
			buildConfigurations = (
				A6AFDEF021DC48B200F313D2 /* Debug */,
				A6AFDEF121DC48B200F313D2 /* Release */,
			);
			defaultConfigurationIsVisible = 0;
			defaultConfigurationName = Release;
		};
/* End XCConfigurationList section */
	};
	rootObject = A6AFDED121DC48AE00F313D2 /* Project object */;
}
